
Microsoft Visual Studio Solution File, Format Version 12.00
# Visual Studio Version 17
VisualStudioVersion = 17.0.31912.275
MinimumVisualStudioVersion = 10.0.40219.1
Project("{FAE04EC0-301F-11D3-BF4B-00C04F79EFBC}") = "Lab7_LP", "Lab7_LP\Lab7_LP.csproj", "{DD272447-BB29-4203-9CEF-0D959693F3FF}"
EndProject
Global
	GlobalSection(SolutionConfigurationPlatforms) = preSolution
		Debug|Any CPU = Debug|Any CPU
		Release|Any CPU = Release|Any CPU
	EndGlobalSection
	GlobalSection(ProjectConfigurationPlatforms) = postSolution
		{DD272447-BB29-4203-9CEF-0D959693F3FF}.Debug|Any CPU.ActiveCfg = Debug|Any CPU
		{DD272447-BB29-4203-9CEF-0D959693F3FF}.Debug|Any CPU.Build.0 = Debug|Any CPU
		{DD272447-BB29-4203-9CEF-0D959693F3FF}.Release|Any CPU.ActiveCfg = Release|Any CPU
		{DD272447-BB29-4203-9CEF-0D959693F3FF}.Release|Any CPU.Build.0 = Release|Any CPU
	EndGlobalSection
	GlobalSection(SolutionProperties) = preSolution
		HideSolutionNode = FALSE
	EndGlobalSection
	GlobalSection(ExtensibilityGlobals) = postSolution
		SolutionGuid = {123A8EC2-FCEB-4B31-B84A-C85CBD5B89C9}
	EndGlobalSection
EndGlobal
